
Microsoft Visual Studio Solution File, Format Version 12.00
# Visual Studio 15
VisualStudioVersion = 15.0.26124.0
MinimumVisualStudioVersion = 15.0.26124.0
Project("{FAE04EC0-301F-11D3-BF4B-00C04F79EFBC}") = "AspNetCore.IdentityServer4.Auth", "AspNetCore.IdentityServer4.Auth\AspNetCore.IdentityServer4.Auth.csproj", "{7646B6D4-D3C8-476E-9377-11FB39BE9D40}"
EndProject
Project("{FAE04EC0-301F-11D3-BF4B-00C04F79EFBC}") = "AspNetCore.IdentityServer4.WebApi", "AspNetCore.IdentityServer4.WebApi\AspNetCore.IdentityServer4.WebApi.csproj", "{D314A383-B6FB-48C5-881B-E4C855184A5C}"
EndProject
Project("{FAE04EC0-301F-11D3-BF4B-00C04F79EFBC}") = "AspNetCore.IdentityServer4.Oidc", "AspNetCore.IdentityServer4.Oidc\AspNetCore.IdentityServer4.Oidc.csproj", "{89377393-9F03-435D-B153-D416A45AECC0}"
EndProject
Global
	GlobalSection(SolutionConfigurationPlatforms) = preSolution
		Debug|Any CPU = Debug|Any CPU
		Debug|x64 = Debug|x64
		Debug|x86 = Debug|x86
		Release|Any CPU = Release|Any CPU
		Release|x64 = Release|x64
		Release|x86 = Release|x86
	EndGlobalSection
	GlobalSection(SolutionProperties) = preSolution
		HideSolutionNode = FALSE
	EndGlobalSection
	GlobalSection(ProjectConfigurationPlatforms) = postSolution
		{7646B6D4-D3C8-476E-9377-11FB39BE9D40}.Debug|Any CPU.ActiveCfg = Debug|Any CPU
		{7646B6D4-D3C8-476E-9377-11FB39BE9D40}.Debug|Any CPU.Build.0 = Debug|Any CPU
		{7646B6D4-D3C8-476E-9377-11FB39BE9D40}.Debug|x64.ActiveCfg = Debug|Any CPU
		{7646B6D4-D3C8-476E-9377-11FB39BE9D40}.Debug|x64.Build.0 = Debug|Any CPU
		{7646B6D4-D3C8-476E-9377-11FB39BE9D40}.Debug|x86.ActiveCfg = Debug|Any CPU
		{7646B6D4-D3C8-476E-9377-11FB39BE9D40}.Debug|x86.Build.0 = Debug|Any CPU
		{7646B6D4-D3C8-476E-9377-11FB39BE9D40}.Release|Any CPU.ActiveCfg = Release|Any CPU
		{7646B6D4-D3C8-476E-9377-11FB39BE9D40}.Release|Any CPU.Build.0 = Release|Any CPU
		{7646B6D4-D3C8-476E-9377-11FB39BE9D40}.Release|x64.ActiveCfg = Release|Any CPU
		{7646B6D4-D3C8-476E-9377-11FB39BE9D40}.Release|x64.Build.0 = Release|Any CPU
		{7646B6D4-D3C8-476E-9377-11FB39BE9D40}.Release|x86.ActiveCfg = Release|Any CPU
		{7646B6D4-D3C8-476E-9377-11FB39BE9D40}.Release|x86.Build.0 = Release|Any CPU
		{D314A383-B6FB-48C5-881B-E4C855184A5C}.Debug|Any CPU.ActiveCfg = Debug|Any CPU
		{D314A383-B6FB-48C5-881B-E4C855184A5C}.Debug|Any CPU.Build.0 = Debug|Any CPU
		{D314A383-B6FB-48C5-881B-E4C855184A5C}.Debug|x64.ActiveCfg = Debug|Any CPU
		{D314A383-B6FB-48C5-881B-E4C855184A5C}.Debug|x64.Build.0 = Debug|Any CPU
		{D314A383-B6FB-48C5-881B-E4C855184A5C}.Debug|x86.ActiveCfg = Debug|Any CPU
		{D314A383-B6FB-48C5-881B-E4C855184A5C}.Debug|x86.Build.0 = Debug|Any CPU
		{D314A383-B6FB-48C5-881B-E4C855184A5C}.Release|Any CPU.ActiveCfg = Release|Any CPU
		{D314A383-B6FB-48C5-881B-E4C855184A5C}.Release|Any CPU.Build.0 = Release|Any CPU
		{D314A383-B6FB-48C5-881B-E4C855184A5C}.Release|x64.ActiveCfg = Release|Any CPU
		{D314A383-B6FB-48C5-881B-E4C855184A5C}.Release|x64.Build.0 = Release|Any CPU
		{D314A383-B6FB-48C5-881B-E4C855184A5C}.Release|x86.ActiveCfg = Release|Any CPU
		{D314A383-B6FB-48C5-881B-E4C855184A5C}.Release|x86.Build.0 = Release|Any CPU
		{89377393-9F03-435D-B153-D416A45AECC0}.Debug|Any CPU.ActiveCfg = Debug|Any CPU
		{89377393-9F03-435D-B153-D416A45AECC0}.Debug|Any CPU.Build.0 = Debug|Any CPU
		{89377393-9F03-435D-B153-D416A45AECC0}.Debug|x64.ActiveCfg = Debug|Any CPU
		{89377393-9F03-435D-B153-D416A45AECC0}.Debug|x64.Build.0 = Debug|Any CPU
		{89377393-9F03-435D-B153-D416A45AECC0}.Debug|x86.ActiveCfg = Debug|Any CPU
		{89377393-9F03-435D-B153-D416A45AECC0}.Debug|x86.Build.0 = Debug|Any CPU
		{89377393-9F03-435D-B153-D416A45AECC0}.Release|Any CPU.ActiveCfg = Release|Any CPU
		{89377393-9F03-435D-B153-D416A45AECC0}.Release|Any CPU.Build.0 = Release|Any CPU
		{89377393-9F03-435D-B153-D416A45AECC0}.Release|x64.ActiveCfg = Release|Any CPU
		{89377393-9F03-435D-B153-D416A45AECC0}.Release|x64.Build.0 = Release|Any CPU
		{89377393-9F03-435D-B153-D416A45AECC0}.Release|x86.ActiveCfg = Release|Any CPU
		{89377393-9F03-435D-B153-D416A45AECC0}.Release|x86.Build.0 = Release|Any CPU
	EndGlobalSection
EndGlobal
