
Microsoft Visual Studio Solution File, Format Version 12.00
# Visual Studio Version 16
VisualStudioVersion = 16.0.29326.143
MinimumVisualStudioVersion = 15.0.26124.0
Project("{9A19103F-16F7-4668-BE54-9A1E7A4F7556}") = "AspNetCore.IdentityServer4.Auth", "AspNetCore.IdentityServer4.Auth\AspNetCore.IdentityServer4.Auth.csproj", "{7646B6D4-D3C8-476E-9377-11FB39BE9D40}"
EndProject
Project("{9A19103F-16F7-4668-BE54-9A1E7A4F7556}") = "AspNetCore.IdentityServer4.WebApi", "AspNetCore.IdentityServer4.WebApi\AspNetCore.IdentityServer4.WebApi.csproj", "{D314A383-B6FB-48C5-881B-E4C855184A5C}"
EndProject
Project("{9A19103F-16F7-4668-BE54-9A1E7A4F7556}") = "AspNetCore.IdentityServer4.Core", "AspNetCore.IdentityServer4.Core\AspNetCore.IdentityServer4.Core.csproj", "{D2593884-B490-419A-B531-DA2C54A2F2B5}"
EndProject
Project("{2150E333-8FDC-42A3-9474-1A3956D46DE8}") = "01 Backend", "01 Backend", "{C6AA0361-359D-41D0-918F-83BCA7AF346A}"
EndProject
Project("{2150E333-8FDC-42A3-9474-1A3956D46DE8}") = "03 Infra", "03 Infra", "{360F4263-E246-41E5-8FBC-EAEEF46E1555}"
EndProject
Project("{2150E333-8FDC-42A3-9474-1A3956D46DE8}") = "02 Service", "02 Service", "{F110A61B-EFE1-4330-977B-11E1B9EFBCED}"
EndProject
Project("{9A19103F-16F7-4668-BE54-9A1E7A4F7556}") = "AspNetCore.IdentityServer4.Service", "AspNetCore.IdentityServer4.Service\AspNetCore.IdentityServer4.Service.csproj", "{17E7B629-A608-4FFA-925F-B2C2DDBB00B7}"
EndProject
Project("{9A19103F-16F7-4668-BE54-9A1E7A4F7556}") = "AspNetCore.IdentityServer4.UnitTest", "AspNetCore.IdentityServer4.UnitTest\AspNetCore.IdentityServer4.UnitTest.csproj", "{42FD54EE-976D-4692-BC7E-90031BABF78D}"
EndProject
Project("{2150E333-8FDC-42A3-9474-1A3956D46DE8}") = "04 Test", "04 Test", "{29BDA3A3-2644-463C-9929-589CDB7F932B}"
EndProject
Project("{9A19103F-16F7-4668-BE54-9A1E7A4F7556}") = "AspNetCore.IdentityServer4.Mvc", "AspNetCore.IdentityServer4.Mvc\AspNetCore.IdentityServer4.Mvc.csproj", "{7DF3141A-0C96-4DE5-96FF-7CBBD9688F68}"
EndProject
Project("{9A19103F-16F7-4668-BE54-9A1E7A4F7556}") = "AspNetCore.IdentityServer4.HealthCheck", "AspNetCore.IdentityServer4.HealthCheck\AspNetCore.IdentityServer4.HealthCheck.csproj", "{617EA86D-B24F-418F-9032-908E46917685}"
EndProject
Global
	GlobalSection(SolutionConfigurationPlatforms) = preSolution
		Debug|Any CPU = Debug|Any CPU
		Debug|x64 = Debug|x64
		Debug|x86 = Debug|x86
		Release|Any CPU = Release|Any CPU
		Release|x64 = Release|x64
		Release|x86 = Release|x86
	EndGlobalSection
	GlobalSection(ProjectConfigurationPlatforms) = postSolution
		{7646B6D4-D3C8-476E-9377-11FB39BE9D40}.Debug|Any CPU.ActiveCfg = Debug|Any CPU
		{7646B6D4-D3C8-476E-9377-11FB39BE9D40}.Debug|Any CPU.Build.0 = Debug|Any CPU
		{7646B6D4-D3C8-476E-9377-11FB39BE9D40}.Debug|x64.ActiveCfg = Debug|Any CPU
		{7646B6D4-D3C8-476E-9377-11FB39BE9D40}.Debug|x64.Build.0 = Debug|Any CPU
		{7646B6D4-D3C8-476E-9377-11FB39BE9D40}.Debug|x86.ActiveCfg = Debug|Any CPU
		{7646B6D4-D3C8-476E-9377-11FB39BE9D40}.Debug|x86.Build.0 = Debug|Any CPU
		{7646B6D4-D3C8-476E-9377-11FB39BE9D40}.Release|Any CPU.ActiveCfg = Release|Any CPU
		{7646B6D4-D3C8-476E-9377-11FB39BE9D40}.Release|Any CPU.Build.0 = Release|Any CPU
		{7646B6D4-D3C8-476E-9377-11FB39BE9D40}.Release|x64.ActiveCfg = Release|Any CPU
		{7646B6D4-D3C8-476E-9377-11FB39BE9D40}.Release|x64.Build.0 = Release|Any CPU
		{7646B6D4-D3C8-476E-9377-11FB39BE9D40}.Release|x86.ActiveCfg = Release|Any CPU
		{7646B6D4-D3C8-476E-9377-11FB39BE9D40}.Release|x86.Build.0 = Release|Any CPU
		{D314A383-B6FB-48C5-881B-E4C855184A5C}.Debug|Any CPU.ActiveCfg = Debug|Any CPU
		{D314A383-B6FB-48C5-881B-E4C855184A5C}.Debug|Any CPU.Build.0 = Debug|Any CPU
		{D314A383-B6FB-48C5-881B-E4C855184A5C}.Debug|x64.ActiveCfg = Debug|Any CPU
		{D314A383-B6FB-48C5-881B-E4C855184A5C}.Debug|x64.Build.0 = Debug|Any CPU
		{D314A383-B6FB-48C5-881B-E4C855184A5C}.Debug|x86.ActiveCfg = Debug|Any CPU
		{D314A383-B6FB-48C5-881B-E4C855184A5C}.Debug|x86.Build.0 = Debug|Any CPU
		{D314A383-B6FB-48C5-881B-E4C855184A5C}.Release|Any CPU.ActiveCfg = Release|Any CPU
		{D314A383-B6FB-48C5-881B-E4C855184A5C}.Release|Any CPU.Build.0 = Release|Any CPU
		{D314A383-B6FB-48C5-881B-E4C855184A5C}.Release|x64.ActiveCfg = Release|Any CPU
		{D314A383-B6FB-48C5-881B-E4C855184A5C}.Release|x64.Build.0 = Release|Any CPU
		{D314A383-B6FB-48C5-881B-E4C855184A5C}.Release|x86.ActiveCfg = Release|Any CPU
		{D314A383-B6FB-48C5-881B-E4C855184A5C}.Release|x86.Build.0 = Release|Any CPU
		{D2593884-B490-419A-B531-DA2C54A2F2B5}.Debug|Any CPU.ActiveCfg = Debug|Any CPU
		{D2593884-B490-419A-B531-DA2C54A2F2B5}.Debug|Any CPU.Build.0 = Debug|Any CPU
		{D2593884-B490-419A-B531-DA2C54A2F2B5}.Debug|x64.ActiveCfg = Debug|Any CPU
		{D2593884-B490-419A-B531-DA2C54A2F2B5}.Debug|x64.Build.0 = Debug|Any CPU
		{D2593884-B490-419A-B531-DA2C54A2F2B5}.Debug|x86.ActiveCfg = Debug|Any CPU
		{D2593884-B490-419A-B531-DA2C54A2F2B5}.Debug|x86.Build.0 = Debug|Any CPU
		{D2593884-B490-419A-B531-DA2C54A2F2B5}.Release|Any CPU.ActiveCfg = Release|Any CPU
		{D2593884-B490-419A-B531-DA2C54A2F2B5}.Release|Any CPU.Build.0 = Release|Any CPU
		{D2593884-B490-419A-B531-DA2C54A2F2B5}.Release|x64.ActiveCfg = Release|Any CPU
		{D2593884-B490-419A-B531-DA2C54A2F2B5}.Release|x64.Build.0 = Release|Any CPU
		{D2593884-B490-419A-B531-DA2C54A2F2B5}.Release|x86.ActiveCfg = Release|Any CPU
		{D2593884-B490-419A-B531-DA2C54A2F2B5}.Release|x86.Build.0 = Release|Any CPU
		{17E7B629-A608-4FFA-925F-B2C2DDBB00B7}.Debug|Any CPU.ActiveCfg = Debug|Any CPU
		{17E7B629-A608-4FFA-925F-B2C2DDBB00B7}.Debug|Any CPU.Build.0 = Debug|Any CPU
		{17E7B629-A608-4FFA-925F-B2C2DDBB00B7}.Debug|x64.ActiveCfg = Debug|Any CPU
		{17E7B629-A608-4FFA-925F-B2C2DDBB00B7}.Debug|x64.Build.0 = Debug|Any CPU
		{17E7B629-A608-4FFA-925F-B2C2DDBB00B7}.Debug|x86.ActiveCfg = Debug|Any CPU
		{17E7B629-A608-4FFA-925F-B2C2DDBB00B7}.Debug|x86.Build.0 = Debug|Any CPU
		{17E7B629-A608-4FFA-925F-B2C2DDBB00B7}.Release|Any CPU.ActiveCfg = Release|Any CPU
		{17E7B629-A608-4FFA-925F-B2C2DDBB00B7}.Release|Any CPU.Build.0 = Release|Any CPU
		{17E7B629-A608-4FFA-925F-B2C2DDBB00B7}.Release|x64.ActiveCfg = Release|Any CPU
		{17E7B629-A608-4FFA-925F-B2C2DDBB00B7}.Release|x64.Build.0 = Release|Any CPU
		{17E7B629-A608-4FFA-925F-B2C2DDBB00B7}.Release|x86.ActiveCfg = Release|Any CPU
		{17E7B629-A608-4FFA-925F-B2C2DDBB00B7}.Release|x86.Build.0 = Release|Any CPU
		{42FD54EE-976D-4692-BC7E-90031BABF78D}.Debug|Any CPU.ActiveCfg = Debug|Any CPU
		{42FD54EE-976D-4692-BC7E-90031BABF78D}.Debug|Any CPU.Build.0 = Debug|Any CPU
		{42FD54EE-976D-4692-BC7E-90031BABF78D}.Debug|x64.ActiveCfg = Debug|Any CPU
		{42FD54EE-976D-4692-BC7E-90031BABF78D}.Debug|x64.Build.0 = Debug|Any CPU
		{42FD54EE-976D-4692-BC7E-90031BABF78D}.Debug|x86.ActiveCfg = Debug|Any CPU
		{42FD54EE-976D-4692-BC7E-90031BABF78D}.Debug|x86.Build.0 = Debug|Any CPU
		{42FD54EE-976D-4692-BC7E-90031BABF78D}.Release|Any CPU.ActiveCfg = Release|Any CPU
		{42FD54EE-976D-4692-BC7E-90031BABF78D}.Release|Any CPU.Build.0 = Release|Any CPU
		{42FD54EE-976D-4692-BC7E-90031BABF78D}.Release|x64.ActiveCfg = Release|Any CPU
		{42FD54EE-976D-4692-BC7E-90031BABF78D}.Release|x64.Build.0 = Release|Any CPU
		{42FD54EE-976D-4692-BC7E-90031BABF78D}.Release|x86.ActiveCfg = Release|Any CPU
		{42FD54EE-976D-4692-BC7E-90031BABF78D}.Release|x86.Build.0 = Release|Any CPU
		{7DF3141A-0C96-4DE5-96FF-7CBBD9688F68}.Debug|Any CPU.ActiveCfg = Debug|Any CPU
		{7DF3141A-0C96-4DE5-96FF-7CBBD9688F68}.Debug|Any CPU.Build.0 = Debug|Any CPU
		{7DF3141A-0C96-4DE5-96FF-7CBBD9688F68}.Debug|x64.ActiveCfg = Debug|Any CPU
		{7DF3141A-0C96-4DE5-96FF-7CBBD9688F68}.Debug|x64.Build.0 = Debug|Any CPU
		{7DF3141A-0C96-4DE5-96FF-7CBBD9688F68}.Debug|x86.ActiveCfg = Debug|Any CPU
		{7DF3141A-0C96-4DE5-96FF-7CBBD9688F68}.Debug|x86.Build.0 = Debug|Any CPU
		{7DF3141A-0C96-4DE5-96FF-7CBBD9688F68}.Release|Any CPU.ActiveCfg = Release|Any CPU
		{7DF3141A-0C96-4DE5-96FF-7CBBD9688F68}.Release|Any CPU.Build.0 = Release|Any CPU
		{7DF3141A-0C96-4DE5-96FF-7CBBD9688F68}.Release|x64.ActiveCfg = Release|Any CPU
		{7DF3141A-0C96-4DE5-96FF-7CBBD9688F68}.Release|x64.Build.0 = Release|Any CPU
		{7DF3141A-0C96-4DE5-96FF-7CBBD9688F68}.Release|x86.ActiveCfg = Release|Any CPU
		{7DF3141A-0C96-4DE5-96FF-7CBBD9688F68}.Release|x86.Build.0 = Release|Any CPU
		{617EA86D-B24F-418F-9032-908E46917685}.Debug|Any CPU.ActiveCfg = Debug|Any CPU
		{617EA86D-B24F-418F-9032-908E46917685}.Debug|Any CPU.Build.0 = Debug|Any CPU
		{617EA86D-B24F-418F-9032-908E46917685}.Debug|x64.ActiveCfg = Debug|Any CPU
		{617EA86D-B24F-418F-9032-908E46917685}.Debug|x64.Build.0 = Debug|Any CPU
		{617EA86D-B24F-418F-9032-908E46917685}.Debug|x86.ActiveCfg = Debug|Any CPU
		{617EA86D-B24F-418F-9032-908E46917685}.Debug|x86.Build.0 = Debug|Any CPU
		{617EA86D-B24F-418F-9032-908E46917685}.Release|Any CPU.ActiveCfg = Release|Any CPU
		{617EA86D-B24F-418F-9032-908E46917685}.Release|Any CPU.Build.0 = Release|Any CPU
		{617EA86D-B24F-418F-9032-908E46917685}.Release|x64.ActiveCfg = Release|Any CPU
		{617EA86D-B24F-418F-9032-908E46917685}.Release|x64.Build.0 = Release|Any CPU
		{617EA86D-B24F-418F-9032-908E46917685}.Release|x86.ActiveCfg = Release|Any CPU
		{617EA86D-B24F-418F-9032-908E46917685}.Release|x86.Build.0 = Release|Any CPU
	EndGlobalSection
	GlobalSection(SolutionProperties) = preSolution
		HideSolutionNode = FALSE
	EndGlobalSection
	GlobalSection(NestedProjects) = preSolution
		{7646B6D4-D3C8-476E-9377-11FB39BE9D40} = {C6AA0361-359D-41D0-918F-83BCA7AF346A}
		{D314A383-B6FB-48C5-881B-E4C855184A5C} = {C6AA0361-359D-41D0-918F-83BCA7AF346A}
		{D2593884-B490-419A-B531-DA2C54A2F2B5} = {360F4263-E246-41E5-8FBC-EAEEF46E1555}
		{17E7B629-A608-4FFA-925F-B2C2DDBB00B7} = {F110A61B-EFE1-4330-977B-11E1B9EFBCED}
		{42FD54EE-976D-4692-BC7E-90031BABF78D} = {29BDA3A3-2644-463C-9929-589CDB7F932B}
		{7DF3141A-0C96-4DE5-96FF-7CBBD9688F68} = {360F4263-E246-41E5-8FBC-EAEEF46E1555}
		{617EA86D-B24F-418F-9032-908E46917685} = {C6AA0361-359D-41D0-918F-83BCA7AF346A}
	EndGlobalSection
	GlobalSection(ExtensibilityGlobals) = postSolution
		SolutionGuid = {51A8DB13-AD5E-42FF-B127-1EA1B8A97F01}
	EndGlobalSection
EndGlobal
